{
  "name": "create-react-app-typescript",
  "version": "0.1.0",
  "lockfileVersion": 2,
  "requires": true,
  "packages": {
    "": {
      "name": "create-react-app-typescript",
      "version": "0.1.0",
      "dependencies": {
        "@ionic/react": "^6.3.4",
        "@types/react": "18.0.8",
        "@types/react-dom": "18.0.2",
        "react": "18.1.0",
        "react-dom": "18.1.0"
      }
    },
    "node_modules/@ionic/core": {
      "version": "6.3.4",
      "resolved": "https://registry.npmjs.org/@ionic/core/-/core-6.3.4.tgz",
      "integrity": "sha512-3EnKqFdon7Im8JNvuPoq/iGyYK7hskdb9u5hlQE0fHU/9Q0DvFVh17QTq1sQjXntoJovfRhaPJhG+kvZK3mVAQ==",
      "dependencies": {
        "@stencil/core": "^2.18.0",
        "ionicons": "^6.0.3",
        "tslib": "^2.1.0"
      }
    },
    "node_modules/@ionic/react": {
      "version": "6.3.4",
      "resolved": "https://registry.npmjs.org/@ionic/react/-/react-6.3.4.tgz",
      "integrity": "sha512-0AHyFpzk2Q3BikzbfQryiAwkzW+Y+GaXfaxPvKm+vmFiwCDcIwsCS/JZGDxcmR7G5Ps1QrfNLq5IgvZb+XSjAA==",
      "dependencies": {
        "@ionic/core": "^6.3.4",
        "ionicons": "^6.0.2",
        "tslib": "*"
      },
      "peerDependencies": {
        "react": ">=16.8.6",
        "react-dom": ">=16.8.6"
      }
    },
    "node_modules/@stencil/core": {
      "version": "2.19.2",
      "resolved": "https://registry.npmjs.org/@stencil/core/-/core-2.19.2.tgz",
      "integrity": "sha512-TK3sHqyQAACwcac4fWntypFtN9c/y+y9ioZojeCnNDY3dxF33Ax70lL9ZLDyQnWWR+aTh1WFoqB5sYOnZIUKMA==",
      "bin": {
        "stencil": "bin/stencil"
      },
      "engines": {
        "node": ">=12.10.0",
        "npm": ">=6.0.0"
      }
    },
    "node_modules/@types/prop-types": {
      "version": "15.7.5",
      "resolved": "https://registry.npmjs.org/@types/prop-types/-/prop-types-15.7.5.tgz",
      "integrity": "sha512-JCB8C6SnDoQf0cNycqd/35A7MjcnK+ZTqE7judS6o7utxUCg6imJg3QK2qzHKszlTjcj2cn+NwMB2i96ubpj7w=="
    },
    "node_modules/@types/react": {
      "version": "18.0.8",
      "resolved": "https://registry.npmjs.org/@types/react/-/react-18.0.8.tgz",
      "integrity": "sha512-+j2hk9BzCOrrOSJASi5XiOyBbERk9jG5O73Ya4M0env5Ixi6vUNli4qy994AINcEF+1IEHISYFfIT4zwr++LKw==",
      "dependencies": {
        "@types/prop-types": "*",
        "@types/scheduler": "*",
        "csstype": "^3.0.2"
      }
    },
    "node_modules/@types/react-dom": {
      "version": "18.0.2",
      "resolved": "https://registry.npmjs.org/@types/react-dom/-/react-dom-18.0.2.tgz",
      "integrity": "sha512-UxeS+Wtj5bvLRREz9tIgsK4ntCuLDo0EcAcACgw3E+9wE8ePDr9uQpq53MfcyxyIS55xJ+0B6mDS8c4qkkHLBg==",
      "dependencies": {
        "@types/react": "*"
      }
    },
    "node_modules/@types/scheduler": {
      "version": "0.16.2",
      "resolved": "https://registry.npmjs.org/@types/scheduler/-/scheduler-0.16.2.tgz",
      "integrity": "sha512-hppQEBDmlwhFAXKJX2KnWLYu5yMfi91yazPb2l+lbJiwW+wdo1gNeRA+3RgNSO39WYX2euey41KEwnqesU2Jew=="
    },
    "node_modules/csstype": {
      "version": "3.1.1",
      "resolved": "https://registry.npmjs.org/csstype/-/csstype-3.1.1.tgz",
      "integrity": "sha512-DJR/VvkAvSZW9bTouZue2sSxDwdTN92uHjqeKVm+0dAqdfNykRzQ95tay8aXMBAAPpUiq4Qcug2L7neoRh2Egw=="
    },
    "node_modules/ionicons": {
      "version": "6.0.3",
      "resolved": "https://registry.npmjs.org/ionicons/-/ionicons-6.0.3.tgz",
      "integrity": "sha512-kVOWER991EMqLiVShrCSWKMHkgHZP7XfVdyN6YPMuoO33W7pc5CPNVNfR8OMe/I8rYEbaunyBs6dXNYpR6gGZw==",
      "dependencies": {
        "@stencil/core": "~2.16.0"
      }
    },
    "node_modules/ionicons/node_modules/@stencil/core": {
      "version": "2.16.1",
      "resolved": "https://registry.npmjs.org/@stencil/core/-/core-2.16.1.tgz",
      "integrity": "sha512-s/UJp9qxExL3DyQPT70kiuWeb3AdjbUZM+5lEIXn30I2DLcLYPOPXfsoWJODieQywq+3vPiLZeIdkoqjf6jcSw==",
      "bin": {
        "stencil": "bin/stencil"
      },
      "engines": {
        "node": ">=12.10.0",
        "npm": ">=6.0.0"
      }
    },
    "node_modules/js-tokens": {
      "version": "4.0.0",
      "resolved": "https://registry.npmjs.org/js-tokens/-/js-tokens-4.0.0.tgz",
      "integrity": "sha512-RdJUflcE3cUzKiMqQgsCu06FPu9UdIJO0beYbPhHN4k6apgJtifcoCtT9bcxOpYBtpD2kCM6Sbzg4CausW/PKQ=="
    },
    "node_modules/loose-envify": {
      "version": "1.4.0",
      "resolved": "https://registry.npmjs.org/loose-envify/-/loose-envify-1.4.0.tgz",
      "integrity": "sha512-lyuxPGr/Wfhrlem2CL/UcnUc1zcqKAImBDzukY7Y5F/yQiNdko6+fRLevlw1HgMySw7f611UIY408EtxRSoK3Q==",
      "dependencies": {
        "js-tokens": "^3.0.0 || ^4.0.0"
      },
      "bin": {
        "loose-envify": "cli.js"
      }
    },
    "node_modules/react": {
      "version": "18.1.0",
      "resolved": "https://registry.npmjs.org/react/-/react-18.1.0.tgz",
      "integrity": "sha512-4oL8ivCz5ZEPyclFQXaNksK3adutVS8l2xzZU0cqEFrE9Sb7fC0EFK5uEk74wIreL1DERyjvsU915j1pcT2uEQ==",
      "dependencies": {
        "loose-envify": "^1.1.0"
      },
      "engines": {
        "node": ">=0.10.0"
      }
    },
    "node_modules/react-dom": {
      "version": "18.1.0",
      "resolved": "https://registry.npmjs.org/react-dom/-/react-dom-18.1.0.tgz",
      "integrity": "sha512-fU1Txz7Budmvamp7bshe4Zi32d0ll7ect+ccxNu9FlObT605GOEB8BfO4tmRJ39R5Zj831VCpvQ05QPBW5yb+w==",
      "dependencies": {
        "loose-envify": "^1.1.0",
        "scheduler": "^0.22.0"
      },
      "peerDependencies": {
        "react": "^18.1.0"
      }
    },
    "node_modules/scheduler": {
      "version": "0.22.0",
      "resolved": "https://registry.npmjs.org/scheduler/-/scheduler-0.22.0.tgz",
      "integrity": "sha512-6QAm1BgQI88NPYymgGQLCZgvep4FyePDWFpXVK+zNSUgHwlqpJy8VEh8Et0KxTACS4VWwMousBElAZOH9nkkoQ==",
      "dependencies": {
        "loose-envify": "^1.1.0"
      }
    },
    "node_modules/tslib": {
      "version": "2.4.1",
      "resolved": "https://registry.npmjs.org/tslib/-/tslib-2.4.1.tgz",
      "integrity": "sha512-tGyy4dAjRIEwI7BzsB0lynWgOpfqjUdq91XXAlIWD2OwKBH7oCl/GZG/HT4BOHrTlPMOASlMQ7veyTqpmRcrNA=="
    }
  },
  "dependencies": {
    "@ionic/core": {
      "version": "6.3.4",
      "resolved": "https://registry.npmjs.org/@ionic/core/-/core-6.3.4.tgz",
      "integrity": "sha512-3EnKqFdon7Im8JNvuPoq/iGyYK7hskdb9u5hlQE0fHU/9Q0DvFVh17QTq1sQjXntoJovfRhaPJhG+kvZK3mVAQ==",
      "requires": {
        "@stencil/core": "^2.18.0",
        "ionicons": "^6.0.3",
        "tslib": "^2.1.0"
      }
    },
    "@ionic/react": {
      "version": "6.3.4",
      "resolved": "https://registry.npmjs.org/@ionic/react/-/react-6.3.4.tgz",
      "integrity": "sha512-0AHyFpzk2Q3BikzbfQryiAwkzW+Y+GaXfaxPvKm+vmFiwCDcIwsCS/JZGDxcmR7G5Ps1QrfNLq5IgvZb+XSjAA==",
      "requires": {
        "@ionic/core": "^6.3.4",
        "ionicons": "^6.0.2",
        "tslib": "*"
      }
    },
    "@stencil/core": {
      "version": "2.19.2",
      "resolved": "https://registry.npmjs.org/@stencil/core/-/core-2.19.2.tgz",
      "integrity": "sha512-TK3sHqyQAACwcac4fWntypFtN9c/y+y9ioZojeCnNDY3dxF33Ax70lL9ZLDyQnWWR+aTh1WFoqB5sYOnZIUKMA=="
    },
    "@types/prop-types": {
      "version": "15.7.5",
      "resolved": "https://registry.npmjs.org/@types/prop-types/-/prop-types-15.7.5.tgz",
      "integrity": "sha512-JCB8C6SnDoQf0cNycqd/35A7MjcnK+ZTqE7judS6o7utxUCg6imJg3QK2qzHKszlTjcj2cn+NwMB2i96ubpj7w=="
    },
    "@types/react": {
      "version": "18.0.8",
      "resolved": "https://registry.npmjs.org/@types/react/-/react-18.0.8.tgz",
      "integrity": "sha512-+j2hk9BzCOrrOSJASi5XiOyBbERk9jG5O73Ya4M0env5Ixi6vUNli4qy994AINcEF+1IEHISYFfIT4zwr++LKw==",
      "requires": {
        "@types/prop-types": "*",
        "@types/scheduler": "*",
        "csstype": "^3.0.2"
      }
    },
    "@types/react-dom": {
      "version": "18.0.2",
      "resolved": "https://registry.npmjs.org/@types/react-dom/-/react-dom-18.0.2.tgz",
      "integrity": "sha512-UxeS+Wtj5bvLRREz9tIgsK4ntCuLDo0EcAcACgw3E+9wE8ePDr9uQpq53MfcyxyIS55xJ+0B6mDS8c4qkkHLBg==",
      "requires": {
        "@types/react": "*"
      }
    },
    "@types/scheduler": {
      "version": "0.16.2",
      "resolved": "https://registry.npmjs.org/@types/scheduler/-/scheduler-0.16.2.tgz",
      "integrity": "sha512-hppQEBDmlwhFAXKJX2KnWLYu5yMfi91yazPb2l+lbJiwW+wdo1gNeRA+3RgNSO39WYX2euey41KEwnqesU2Jew=="
    },
    "csstype": {
      "version": "3.1.1",
      "resolved": "https://registry.npmjs.org/csstype/-/csstype-3.1.1.tgz",
      "integrity": "sha512-DJR/VvkAvSZW9bTouZue2sSxDwdTN92uHjqeKVm+0dAqdfNykRzQ95tay8aXMBAAPpUiq4Qcug2L7neoRh2Egw=="
    },
    "ionicons": {
      "version": "6.0.3",
      "resolved": "https://registry.npmjs.org/ionicons/-/ionicons-6.0.3.tgz",
      "integrity": "sha512-kVOWER991EMqLiVShrCSWKMHkgHZP7XfVdyN6YPMuoO33W7pc5CPNVNfR8OMe/I8rYEbaunyBs6dXNYpR6gGZw==",
      "requires": {
        "@stencil/core": "~2.16.0"
      },
      "dependencies": {
        "@stencil/core": {
          "version": "2.16.1",
          "resolved": "https://registry.npmjs.org/@stencil/core/-/core-2.16.1.tgz",
          "integrity": "sha512-s/UJp9qxExL3DyQPT70kiuWeb3AdjbUZM+5lEIXn30I2DLcLYPOPXfsoWJODieQywq+3vPiLZeIdkoqjf6jcSw=="
        }
      }
    },
    "js-tokens": {
      "version": "4.0.0",
      "resolved": "https://registry.npmjs.org/js-tokens/-/js-tokens-4.0.0.tgz",
      "integrity": "sha512-RdJUflcE3cUzKiMqQgsCu06FPu9UdIJO0beYbPhHN4k6apgJtifcoCtT9bcxOpYBtpD2kCM6Sbzg4CausW/PKQ=="
    },
    "loose-envify": {
      "version": "1.4.0",
      "resolved": "https://registry.npmjs.org/loose-envify/-/loose-envify-1.4.0.tgz",
      "integrity": "sha512-lyuxPGr/Wfhrlem2CL/UcnUc1zcqKAImBDzukY7Y5F/yQiNdko6+fRLevlw1HgMySw7f611UIY408EtxRSoK3Q==",
      "requires": {
        "js-tokens": "^3.0.0 || ^4.0.0"
      }
    },
    "react": {
      "version": "18.1.0",
      "resolved": "https://registry.npmjs.org/react/-/react-18.1.0.tgz",
      "integrity": "sha512-4oL8ivCz5ZEPyclFQXaNksK3adutVS8l2xzZU0cqEFrE9Sb7fC0EFK5uEk74wIreL1DERyjvsU915j1pcT2uEQ==",
      "requires": {
        "loose-envify": "^1.1.0"
      }
    },
    "react-dom": {
      "version": "18.1.0",
      "resolved": "https://registry.npmjs.org/react-dom/-/react-dom-18.1.0.tgz",
      "integrity": "sha512-fU1Txz7Budmvamp7bshe4Zi32d0ll7ect+ccxNu9FlObT605GOEB8BfO4tmRJ39R5Zj831VCpvQ05QPBW5yb+w==",
      "requires": {
        "loose-envify": "^1.1.0",
        "scheduler": "^0.22.0"
      }
    },
    "scheduler": {
      "version": "0.22.0",
      "resolved": "https://registry.npmjs.org/scheduler/-/scheduler-0.22.0.tgz",
      "integrity": "sha512-6QAm1BgQI88NPYymgGQLCZgvep4FyePDWFpXVK+zNSUgHwlqpJy8VEh8Et0KxTACS4VWwMousBElAZOH9nkkoQ==",
      "requires": {
        "loose-envify": "^1.1.0"
      }
    },
    "tslib": {
      "version": "2.4.1",
      "resolved": "https://registry.npmjs.org/tslib/-/tslib-2.4.1.tgz",
      "integrity": "sha512-tGyy4dAjRIEwI7BzsB0lynWgOpfqjUdq91XXAlIWD2OwKBH7oCl/GZG/HT4BOHrTlPMOASlMQ7veyTqpmRcrNA=="
    }
  }
}
